
Microsoft Visual Studio Solution File, Format Version 12.00
# Visual Studio Version 17
VisualStudioVersion = 17.11.35312.102
MinimumVisualStudioVersion = 10.0.40219.1
Project("{FAE04EC0-301F-11D3-BF4B-00C04F79EFBC}") = "Moveo", "Moveo\Moveo.csproj", "{E29ECCC3-8CE3-4445-BDB3-7F7C36BEE93E}"
EndProject
Global
	GlobalSection(SolutionConfigurationPlatforms) = preSolution
		Debug|Any CPU = Debug|Any CPU
		Release|Any CPU = Release|Any CPU
	EndGlobalSection
	GlobalSection(ProjectConfigurationPlatforms) = postSolution
		{E29ECCC3-8CE3-4445-BDB3-7F7C36BEE93E}.Debug|Any CPU.ActiveCfg = Debug|Any CPU
		{E29ECCC3-8CE3-4445-BDB3-7F7C36BEE93E}.Debug|Any CPU.Build.0 = Debug|Any CPU
		{E29ECCC3-8CE3-4445-BDB3-7F7C36BEE93E}.Release|Any CPU.ActiveCfg = Release|Any CPU
		{E29ECCC3-8CE3-4445-BDB3-7F7C36BEE93E}.Release|Any CPU.Build.0 = Release|Any CPU
	EndGlobalSection
	GlobalSection(SolutionProperties) = preSolution
		HideSolutionNode = FALSE
	EndGlobalSection
	GlobalSection(ExtensibilityGlobals) = postSolution
		SolutionGuid = {2ED5F5BC-2E82-416E-9640-6239D9552239}
	EndGlobalSection
EndGlobal
